
Microsoft Visual Studio Solution File, Format Version 12.00
# Visual Studio 2012
Project("{FAE04EC0-301F-11D3-BF4B-00C04F79EFBC}") = "Apache Manager", "Apache Manager\Apache Manager.csproj", "{A9222316-AA1C-4FE1-A39F-9BA4BADC845C}"
EndProject
Global
	GlobalSection(TeamFoundationVersionControl) = preSolution
		SccNumberOfProjects = 2
		SccEnterpriseProvider = {4CA58AB2-18FA-4F8D-95D4-32DDF27D184C}
		SccTeamFoundationServer = https://draxrey.visualstudio.com/defaultcollection
		SccLocalPath0 = .
		SccProjectUniqueName1 = Apache\u0020Manager\\Apache\u0020Manager.csproj
		SccProjectName1 = Apache\u0020Manager
		SccLocalPath1 = Apache\u0020Manager
	EndGlobalSection
	GlobalSection(SolutionConfigurationPlatforms) = preSolution
		Debug|Any CPU = Debug|Any CPU
		Release|Any CPU = Release|Any CPU
	EndGlobalSection
	GlobalSection(ProjectConfigurationPlatforms) = postSolution
		{A9222316-AA1C-4FE1-A39F-9BA4BADC845C}.Debug|Any CPU.ActiveCfg = Debug|Any CPU
		{A9222316-AA1C-4FE1-A39F-9BA4BADC845C}.Debug|Any CPU.Build.0 = Debug|Any CPU
		{A9222316-AA1C-4FE1-A39F-9BA4BADC845C}.Release|Any CPU.ActiveCfg = Release|Any CPU
		{A9222316-AA1C-4FE1-A39F-9BA4BADC845C}.Release|Any CPU.Build.0 = Release|Any CPU
	EndGlobalSection
	GlobalSection(SolutionProperties) = preSolution
		HideSolutionNode = FALSE
	EndGlobalSection
EndGlobal
